
Microsoft Visual Studio Solution File, Format Version 12.00
# Visual Studio Version 17
VisualStudioVersion = 17.7.34009.444
MinimumVisualStudioVersion = 10.0.40219.1
Project("{FAE04EC0-301F-11D3-BF4B-00C04F79EFBC}") = "GenericsProject", "GenericsProject.csproj", "{E4130FFF-9F40-4FBA-AF5A-0F53A35BF90E}"
EndProject
Global
	GlobalSection(SolutionConfigurationPlatforms) = preSolution
		Debug|Any CPU = Debug|Any CPU
		Release|Any CPU = Release|Any CPU
	EndGlobalSection
	GlobalSection(ProjectConfigurationPlatforms) = postSolution
		{E4130FFF-9F40-4FBA-AF5A-0F53A35BF90E}.Debug|Any CPU.ActiveCfg = Debug|Any CPU
		{E4130FFF-9F40-4FBA-AF5A-0F53A35BF90E}.Debug|Any CPU.Build.0 = Debug|Any CPU
		{E4130FFF-9F40-4FBA-AF5A-0F53A35BF90E}.Release|Any CPU.ActiveCfg = Release|Any CPU
		{E4130FFF-9F40-4FBA-AF5A-0F53A35BF90E}.Release|Any CPU.Build.0 = Release|Any CPU
	EndGlobalSection
	GlobalSection(SolutionProperties) = preSolution
		HideSolutionNode = FALSE
	EndGlobalSection
	GlobalSection(ExtensibilityGlobals) = postSolution
		SolutionGuid = {DA50CAFB-5CC8-4FB6-B01A-8F5AC78AE00C}
	EndGlobalSection
EndGlobal
